{
  "name": "fake final",
  "lockfileVersion": 3,
  "requires": true,
  "packages": {
    "": {
      "dependencies": {
        "page-flip": "^0.2.4"
      }
    },
    "node_modules/page-flip": {
      "version": "0.2.4",
      "resolved": "https://registry.npmjs.org/page-flip/-/page-flip-0.2.4.tgz",
      "integrity": "sha512-mcIMLCMMPQqasJamjnzMoijLfaZzbo2yI7vSynIWa8NEsA1lAA8d8RwA9tJAKTM4UagrXLpORXbslKNchz+fwg==",
      "license": "MIT"
    }
  }
}
